// !$*UTF8*$!
{
	archiveVersion = 1;
	classes = {
	};
	objectVersion = 56;
	objects = {

/* Begin PBXBuildFile section */
		C40391452C76C5B500D50850 /* SwiftUI_practiceApp.swift in Sources */ = {isa = PBXBuildFile; fileRef = C40391442C76C5B500D50850 /* SwiftUI_practiceApp.swift */; };
		C40391472C76C5B500D50850 /* ContentView.swift in Sources */ = {isa = PBXBuildFile; fileRef = C40391462C76C5B500D50850 /* ContentView.swift */; };
		C40391492C76C5B600D50850 /* Assets.xcassets in Resources */ = {isa = PBXBuildFile; fileRef = C40391482C76C5B600D50850 /* Assets.xcassets */; };
		C403914C2C76C5B600D50850 /* Preview Assets.xcassets in Resources */ = {isa = PBXBuildFile; fileRef = C403914B2C76C5B600D50850 /* Preview Assets.xcassets */; };
		C403918C2C7C2E9600D50850 /* StructCustomView.swift in Sources */ = {isa = PBXBuildFile; fileRef = C403918B2C7C2E9600D50850 /* StructCustomView.swift */; };
		C403918E2C7C2F3C00D50850 /* CustomViewPractice.swift in Sources */ = {isa = PBXBuildFile; fileRef = C403918D2C7C2F3C00D50850 /* CustomViewPractice.swift */; };
		C4DC8DF82C7D5E290007FE12 /* CustomMenuButton.swift in Sources */ = {isa = PBXBuildFile; fileRef = C4DC8DF72C7D5E290007FE12 /* CustomMenuButton.swift */; };
		C4DC8DFA2C7D5EDC0007FE12 /* MenuView.swift in Sources */ = {isa = PBXBuildFile; fileRef = C4DC8DF92C7D5EDC0007FE12 /* MenuView.swift */; };
		C4DC8DFC2C7D5F190007FE12 /* CustomEventLabel.swift in Sources */ = {isa = PBXBuildFile; fileRef = C4DC8DFB2C7D5F190007FE12 /* CustomEventLabel.swift */; };
		C4DC8DFE2C7D5FA60007FE12 /* EventView.swift in Sources */ = {isa = PBXBuildFile; fileRef = C4DC8DFD2C7D5FA60007FE12 /* EventView.swift */; };
		C4DC8E002C7D5FC40007FE12 /* ButtonView.swift in Sources */ = {isa = PBXBuildFile; fileRef = C4DC8DFF2C7D5FC40007FE12 /* ButtonView.swift */; };
		C4DC8E022C7D5FD70007FE12 /* CustomButton.swift in Sources */ = {isa = PBXBuildFile; fileRef = C4DC8E012C7D5FD70007FE12 /* CustomButton.swift */; };
		C4DC8E052C7D61300007FE12 /* RadiusBackground.swift in Sources */ = {isa = PBXBuildFile; fileRef = C4DC8E042C7D61300007FE12 /* RadiusBackground.swift */; };
/* End PBXBuildFile section */

/* Begin PBXFileReference section */
		C40391412C76C5B500D50850 /* SwiftUI-practice.app */ = {isa = PBXFileReference; explicitFileType = wrapper.application; includeInIndex = 0; path = "SwiftUI-practice.app"; sourceTree = BUILT_PRODUCTS_DIR; };
		C40391442C76C5B500D50850 /* SwiftUI_practiceApp.swift */ = {isa = PBXFileReference; lastKnownFileType = sourcecode.swift; path = SwiftUI_practiceApp.swift; sourceTree = "<group>"; };
		C40391462C76C5B500D50850 /* ContentView.swift */ = {isa = PBXFileReference; lastKnownFileType = sourcecode.swift; path = ContentView.swift; sourceTree = "<group>"; };
		C40391482C76C5B600D50850 /* Assets.xcassets */ = {isa = PBXFileReference; lastKnownFileType = folder.assetcatalog; path = Assets.xcassets; sourceTree = "<group>"; };
		C403914B2C76C5B600D50850 /* Preview Assets.xcassets */ = {isa = PBXFileReference; lastKnownFileType = folder.assetcatalog; path = "Preview Assets.xcassets"; sourceTree = "<group>"; };
		C403918B2C7C2E9600D50850 /* StructCustomView.swift */ = {isa = PBXFileReference; lastKnownFileType = sourcecode.swift; path = StructCustomView.swift; sourceTree = "<group>"; };
		C403918D2C7C2F3C00D50850 /* CustomViewPractice.swift */ = {isa = PBXFileReference; lastKnownFileType = sourcecode.swift; path = CustomViewPractice.swift; sourceTree = "<group>"; };
		C4DC8DF72C7D5E290007FE12 /* CustomMenuButton.swift */ = {isa = PBXFileReference; lastKnownFileType = sourcecode.swift; path = CustomMenuButton.swift; sourceTree = "<group>"; };
		C4DC8DF92C7D5EDC0007FE12 /* MenuView.swift */ = {isa = PBXFileReference; lastKnownFileType = sourcecode.swift; path = MenuView.swift; sourceTree = "<group>"; };
		C4DC8DFB2C7D5F190007FE12 /* CustomEventLabel.swift */ = {isa = PBXFileReference; lastKnownFileType = sourcecode.swift; path = CustomEventLabel.swift; sourceTree = "<group>"; };
		C4DC8DFD2C7D5FA60007FE12 /* EventView.swift */ = {isa = PBXFileReference; lastKnownFileType = sourcecode.swift; path = EventView.swift; sourceTree = "<group>"; };
		C4DC8DFF2C7D5FC40007FE12 /* ButtonView.swift */ = {isa = PBXFileReference; lastKnownFileType = sourcecode.swift; path = ButtonView.swift; sourceTree = "<group>"; };
		C4DC8E012C7D5FD70007FE12 /* CustomButton.swift */ = {isa = PBXFileReference; lastKnownFileType = sourcecode.swift; path = CustomButton.swift; sourceTree = "<group>"; };
		C4DC8E042C7D61300007FE12 /* RadiusBackground.swift */ = {isa = PBXFileReference; lastKnownFileType = sourcecode.swift; path = RadiusBackground.swift; sourceTree = "<group>"; };
/* End PBXFileReference section */

/* Begin PBXFrameworksBuildPhase section */
		C403913E2C76C5B500D50850 /* Frameworks */ = {
			isa = PBXFrameworksBuildPhase;
			buildActionMask = 2147483647;
			files = (
			);
			runOnlyForDeploymentPostprocessing = 0;
		};
/* End PBXFrameworksBuildPhase section */

/* Begin PBXGroup section */
		C40391382C76C5B500D50850 = {
			isa = PBXGroup;
			children = (
				C40391432C76C5B500D50850 /* SwiftUI-practice */,
				C40391422C76C5B500D50850 /* Products */,
			);
			sourceTree = "<group>";
		};
		C40391422C76C5B500D50850 /* Products */ = {
			isa = PBXGroup;
			children = (
				C40391412C76C5B500D50850 /* SwiftUI-practice.app */,
			);
			name = Products;
			sourceTree = "<group>";
		};
		C40391432C76C5B500D50850 /* SwiftUI-practice */ = {
			isa = PBXGroup;
			children = (
				C4DC8E032C7D60FC0007FE12 /* CustomModifier */,
				C4DC8DF62C7D5E0F0007FE12 /* TossCustomView */,
				C403918D2C7C2F3C00D50850 /* CustomViewPractice.swift */,
				C403918A2C7C2BD800D50850 /* CustomView */,
				C40391442C76C5B500D50850 /* SwiftUI_practiceApp.swift */,
				C40391462C76C5B500D50850 /* ContentView.swift */,
				C40391482C76C5B600D50850 /* Assets.xcassets */,
				C403914A2C76C5B600D50850 /* Preview Content */,
			);
			path = "SwiftUI-practice";
			sourceTree = "<group>";
		};
		C403914A2C76C5B600D50850 /* Preview Content */ = {
			isa = PBXGroup;
			children = (
				C403914B2C76C5B600D50850 /* Preview Assets.xcassets */,
			);
			path = "Preview Content";
			sourceTree = "<group>";
		};
		C403918A2C7C2BD800D50850 /* CustomView */ = {
			isa = PBXGroup;
			children = (
				C403918B2C7C2E9600D50850 /* StructCustomView.swift */,
			);
			path = CustomView;
			sourceTree = "<group>";
		};
		C4DC8DF62C7D5E0F0007FE12 /* TossCustomView */ = {
			isa = PBXGroup;
			children = (
				C4DC8DF72C7D5E290007FE12 /* CustomMenuButton.swift */,
				C4DC8DF92C7D5EDC0007FE12 /* MenuView.swift */,
				C4DC8DFB2C7D5F190007FE12 /* CustomEventLabel.swift */,
				C4DC8DFD2C7D5FA60007FE12 /* EventView.swift */,
				C4DC8DFF2C7D5FC40007FE12 /* ButtonView.swift */,
				C4DC8E012C7D5FD70007FE12 /* CustomButton.swift */,
			);
			path = TossCustomView;
			sourceTree = "<group>";
		};
		C4DC8E032C7D60FC0007FE12 /* CustomModifier */ = {
			isa = PBXGroup;
			children = (
				C4DC8E042C7D61300007FE12 /* RadiusBackground.swift */,
			);
			path = CustomModifier;
			sourceTree = "<group>";
		};
/* End PBXGroup section */

/* Begin PBXNativeTarget section */
		C40391402C76C5B500D50850 /* SwiftUI-practice */ = {
			isa = PBXNativeTarget;
			buildConfigurationList = C403914F2C76C5B600D50850 /* Build configuration list for PBXNativeTarget "SwiftUI-practice" */;
			buildPhases = (
				C403913D2C76C5B500D50850 /* Sources */,
				C403913E2C76C5B500D50850 /* Frameworks */,
				C403913F2C76C5B500D50850 /* Resources */,
			);
			buildRules = (
			);
			dependencies = (
			);
			name = "SwiftUI-practice";
			productName = "SwiftUI-practice";
			productReference = C40391412C76C5B500D50850 /* SwiftUI-practice.app */;
			productType = "com.apple.product-type.application";
		};
/* End PBXNativeTarget section */

/* Begin PBXProject section */
		C40391392C76C5B500D50850 /* Project object */ = {
			isa = PBXProject;
			attributes = {
				BuildIndependentTargetsInParallel = 1;
				LastSwiftUpdateCheck = 1540;
				LastUpgradeCheck = 1540;
				TargetAttributes = {
					C40391402C76C5B500D50850 = {
						CreatedOnToolsVersion = 15.4;
					};
				};
			};
			buildConfigurationList = C403913C2C76C5B500D50850 /* Build configuration list for PBXProject "SwiftUI-practice" */;
			compatibilityVersion = "Xcode 14.0";
			developmentRegion = en;
			hasScannedForEncodings = 0;
			knownRegions = (
				en,
				Base,
			);
			mainGroup = C40391382C76C5B500D50850;
			productRefGroup = C40391422C76C5B500D50850 /* Products */;
			projectDirPath = "";
			projectRoot = "";
			targets = (
				C40391402C76C5B500D50850 /* SwiftUI-practice */,
			);
		};
/* End PBXProject section */

/* Begin PBXResourcesBuildPhase section */
		C403913F2C76C5B500D50850 /* Resources */ = {
			isa = PBXResourcesBuildPhase;
			buildActionMask = 2147483647;
			files = (
				C403914C2C76C5B600D50850 /* Preview Assets.xcassets in Resources */,
				C40391492C76C5B600D50850 /* Assets.xcassets in Resources */,
			);
			runOnlyForDeploymentPostprocessing = 0;
		};
/* End PBXResourcesBuildPhase section */

/* Begin PBXSourcesBuildPhase section */
		C403913D2C76C5B500D50850 /* Sources */ = {
			isa = PBXSourcesBuildPhase;
			buildActionMask = 2147483647;
			files = (
				C4DC8DFC2C7D5F190007FE12 /* CustomEventLabel.swift in Sources */,
				C403918E2C7C2F3C00D50850 /* CustomViewPractice.swift in Sources */,
				C4DC8DFA2C7D5EDC0007FE12 /* MenuView.swift in Sources */,
				C40391472C76C5B500D50850 /* ContentView.swift in Sources */,
				C4DC8E022C7D5FD70007FE12 /* CustomButton.swift in Sources */,
				C4DC8DF82C7D5E290007FE12 /* CustomMenuButton.swift in Sources */,
				C4DC8E052C7D61300007FE12 /* RadiusBackground.swift in Sources */,
				C403918C2C7C2E9600D50850 /* StructCustomView.swift in Sources */,
				C40391452C76C5B500D50850 /* SwiftUI_practiceApp.swift in Sources */,
				C4DC8DFE2C7D5FA60007FE12 /* EventView.swift in Sources */,
				C4DC8E002C7D5FC40007FE12 /* ButtonView.swift in Sources */,
			);
			runOnlyForDeploymentPostprocessing = 0;
		};
/* End PBXSourcesBuildPhase section */

/* Begin XCBuildConfiguration section */
		C403914D2C76C5B600D50850 /* Debug */ = {
			isa = XCBuildConfiguration;
			buildSettings = {
				ALWAYS_SEARCH_USER_PATHS = NO;
				ASSETCATALOG_COMPILER_GENERATE_SWIFT_ASSET_SYMBOL_EXTENSIONS = YES;
				CLANG_ANALYZER_NONNULL = YES;
				CLANG_ANALYZER_NUMBER_OBJECT_CONVERSION = YES_AGGRESSIVE;
				CLANG_CXX_LANGUAGE_STANDARD = "gnu++20";
				CLANG_ENABLE_MODULES = YES;
				CLANG_ENABLE_OBJC_ARC = YES;
				CLANG_ENABLE_OBJC_WEAK = YES;
				CLANG_WARN_BLOCK_CAPTURE_AUTORELEASING = YES;
				CLANG_WARN_BOOL_CONVERSION = YES;
				CLANG_WARN_COMMA = YES;
				CLANG_WARN_CONSTANT_CONVERSION = YES;
				CLANG_WARN_DEPRECATED_OBJC_IMPLEMENTATIONS = YES;
				CLANG_WARN_DIRECT_OBJC_ISA_USAGE = YES_ERROR;
				CLANG_WARN_DOCUMENTATION_COMMENTS = YES;
				CLANG_WARN_EMPTY_BODY = YES;
				CLANG_WARN_ENUM_CONVERSION = YES;
				CLANG_WARN_INFINITE_RECURSION = YES;
				CLANG_WARN_INT_CONVERSION = YES;
				CLANG_WARN_NON_LITERAL_NULL_CONVERSION = YES;
				CLANG_WARN_OBJC_IMPLICIT_RETAIN_SELF = YES;
				CLANG_WARN_OBJC_LITERAL_CONVERSION = YES;
				CLANG_WARN_OBJC_ROOT_CLASS = YES_ERROR;
				CLANG_WARN_QUOTED_INCLUDE_IN_FRAMEWORK_HEADER = YES;
				CLANG_WARN_RANGE_LOOP_ANALYSIS = YES;
				CLANG_WARN_STRICT_PROTOTYPES = YES;
				CLANG_WARN_SUSPICIOUS_MOVE = YES;
				CLANG_WARN_UNGUARDED_AVAILABILITY = YES_AGGRESSIVE;
				CLANG_WARN_UNREACHABLE_CODE = YES;
				CLANG_WARN__DUPLICATE_METHOD_MATCH = YES;
				COPY_PHASE_STRIP = NO;
				DEBUG_INFORMATION_FORMAT = dwarf;
				ENABLE_STRICT_OBJC_MSGSEND = YES;
				ENABLE_TESTABILITY = YES;
				ENABLE_USER_SCRIPT_SANDBOXING = YES;
				GCC_C_LANGUAGE_STANDARD = gnu17;
				GCC_DYNAMIC_NO_PIC = NO;
				GCC_NO_COMMON_BLOCKS = YES;
				GCC_OPTIMIZATION_LEVEL = 0;
				GCC_PREPROCESSOR_DEFINITIONS = (
					"DEBUG=1",
					"$(inherited)",
				);
				GCC_WARN_64_TO_32_BIT_CONVERSION = YES;
				GCC_WARN_ABOUT_RETURN_TYPE = YES_ERROR;
				GCC_WARN_UNDECLARED_SELECTOR = YES;
				GCC_WARN_UNINITIALIZED_AUTOS = YES_AGGRESSIVE;
				GCC_WARN_UNUSED_FUNCTION = YES;
				GCC_WARN_UNUSED_VARIABLE = YES;
				IPHONEOS_DEPLOYMENT_TARGET = 17.5;
				LOCALIZATION_PREFERS_STRING_CATALOGS = YES;
				MTL_ENABLE_DEBUG_INFO = INCLUDE_SOURCE;
				MTL_FAST_MATH = YES;
				ONLY_ACTIVE_ARCH = YES;
				SDKROOT = iphoneos;
				SWIFT_ACTIVE_COMPILATION_CONDITIONS = "DEBUG $(inherited)";
				SWIFT_OPTIMIZATION_LEVEL = "-Onone";
			};
			name = Debug;
		};
		C403914E2C76C5B600D50850 /* Release */ = {
			isa = XCBuildConfiguration;
			buildSettings = {
				ALWAYS_SEARCH_USER_PATHS = NO;
				ASSETCATALOG_COMPILER_GENERATE_SWIFT_ASSET_SYMBOL_EXTENSIONS = YES;
				CLANG_ANALYZER_NONNULL = YES;
				CLANG_ANALYZER_NUMBER_OBJECT_CONVERSION = YES_AGGRESSIVE;
				CLANG_CXX_LANGUAGE_STANDARD = "gnu++20";
				CLANG_ENABLE_MODULES = YES;
				CLANG_ENABLE_OBJC_ARC = YES;
				CLANG_ENABLE_OBJC_WEAK = YES;
				CLANG_WARN_BLOCK_CAPTURE_AUTORELEASING = YES;
				CLANG_WARN_BOOL_CONVERSION = YES;
				CLANG_WARN_COMMA = YES;
				CLANG_WARN_CONSTANT_CONVERSION = YES;
				CLANG_WARN_DEPRECATED_OBJC_IMPLEMENTATIONS = YES;
				CLANG_WARN_DIRECT_OBJC_ISA_USAGE = YES_ERROR;
				CLANG_WARN_DOCUMENTATION_COMMENTS = YES;
				CLANG_WARN_EMPTY_BODY = YES;
				CLANG_WARN_ENUM_CONVERSION = YES;
				CLANG_WARN_INFINITE_RECURSION = YES;
				CLANG_WARN_INT_CONVERSION = YES;
				CLANG_WARN_NON_LITERAL_NULL_CONVERSION = YES;
				CLANG_WARN_OBJC_IMPLICIT_RETAIN_SELF = YES;
				CLANG_WARN_OBJC_LITERAL_CONVERSION = YES;
				CLANG_WARN_OBJC_ROOT_CLASS = YES_ERROR;
				CLANG_WARN_QUOTED_INCLUDE_IN_FRAMEWORK_HEADER = YES;
				CLANG_WARN_RANGE_LOOP_ANALYSIS = YES;
				CLANG_WARN_STRICT_PROTOTYPES = YES;
				CLANG_WARN_SUSPICIOUS_MOVE = YES;
				CLANG_WARN_UNGUARDED_AVAILABILITY = YES_AGGRESSIVE;
				CLANG_WARN_UNREACHABLE_CODE = YES;
				CLANG_WARN__DUPLICATE_METHOD_MATCH = YES;
				COPY_PHASE_STRIP = NO;
				DEBUG_INFORMATION_FORMAT = "dwarf-with-dsym";
				ENABLE_NS_ASSERTIONS = NO;
				ENABLE_STRICT_OBJC_MSGSEND = YES;
				ENABLE_USER_SCRIPT_SANDBOXING = YES;
				GCC_C_LANGUAGE_STANDARD = gnu17;
				GCC_NO_COMMON_BLOCKS = YES;
				GCC_WARN_64_TO_32_BIT_CONVERSION = YES;
				GCC_WARN_ABOUT_RETURN_TYPE = YES_ERROR;
				GCC_WARN_UNDECLARED_SELECTOR = YES;
				GCC_WARN_UNINITIALIZED_AUTOS = YES_AGGRESSIVE;
				GCC_WARN_UNUSED_FUNCTION = YES;
				GCC_WARN_UNUSED_VARIABLE = YES;
				IPHONEOS_DEPLOYMENT_TARGET = 17.5;
				LOCALIZATION_PREFERS_STRING_CATALOGS = YES;
				MTL_ENABLE_DEBUG_INFO = NO;
				MTL_FAST_MATH = YES;
				SDKROOT = iphoneos;
				SWIFT_COMPILATION_MODE = wholemodule;
				VALIDATE_PRODUCT = YES;
			};
			name = Release;
		};
		C40391502C76C5B600D50850 /* Debug */ = {
			isa = XCBuildConfiguration;
			buildSettings = {
				ASSETCATALOG_COMPILER_APPICON_NAME = AppIcon;
				ASSETCATALOG_COMPILER_GLOBAL_ACCENT_COLOR_NAME = AccentColor;
				CODE_SIGN_STYLE = Automatic;
				CURRENT_PROJECT_VERSION = 1;
				DEVELOPMENT_ASSET_PATHS = "\"SwiftUI-practice/Preview Content\"";
				DEVELOPMENT_TEAM = 95Z2W8U6PK;
				ENABLE_PREVIEWS = YES;
				GENERATE_INFOPLIST_FILE = YES;
				INFOPLIST_KEY_UIApplicationSceneManifest_Generation = YES;
				INFOPLIST_KEY_UIApplicationSupportsIndirectInputEvents = YES;
				INFOPLIST_KEY_UILaunchScreen_Generation = YES;
				INFOPLIST_KEY_UISupportedInterfaceOrientations_iPad = "UIInterfaceOrientationPortrait UIInterfaceOrientationPortraitUpsideDown UIInterfaceOrientationLandscapeLeft UIInterfaceOrientationLandscapeRight";
				INFOPLIST_KEY_UISupportedInterfaceOrientations_iPhone = "UIInterfaceOrientationPortrait UIInterfaceOrientationLandscapeLeft UIInterfaceOrientationLandscapeRight";
				LD_RUNPATH_SEARCH_PATHS = (
					"$(inherited)",
					"@executable_path/Frameworks",
				);
				MARKETING_VERSION = 1.0;
				PRODUCT_BUNDLE_IDENTIFIER = "com.junehee.SwiftUI-practice";
				PRODUCT_NAME = "$(TARGET_NAME)";
				SWIFT_EMIT_LOC_STRINGS = YES;
				SWIFT_VERSION = 5.0;
				TARGETED_DEVICE_FAMILY = "1,2";
			};
			name = Debug;
		};
		C40391512C76C5B600D50850 /* Release */ = {
			isa = XCBuildConfiguration;
			buildSettings = {
				ASSETCATALOG_COMPILER_APPICON_NAME = AppIcon;
				ASSETCATALOG_COMPILER_GLOBAL_ACCENT_COLOR_NAME = AccentColor;
				CODE_SIGN_STYLE = Automatic;
				CURRENT_PROJECT_VERSION = 1;
				DEVELOPMENT_ASSET_PATHS = "\"SwiftUI-practice/Preview Content\"";
				DEVELOPMENT_TEAM = 95Z2W8U6PK;
				ENABLE_PREVIEWS = YES;
				GENERATE_INFOPLIST_FILE = YES;
				INFOPLIST_KEY_UIApplicationSceneManifest_Generation = YES;
				INFOPLIST_KEY_UIApplicationSupportsIndirectInputEvents = YES;
				INFOPLIST_KEY_UILaunchScreen_Generation = YES;
				INFOPLIST_KEY_UISupportedInterfaceOrientations_iPad = "UIInterfaceOrientationPortrait UIInterfaceOrientationPortraitUpsideDown UIInterfaceOrientationLandscapeLeft UIInterfaceOrientationLandscapeRight";
				INFOPLIST_KEY_UISupportedInterfaceOrientations_iPhone = "UIInterfaceOrientationPortrait UIInterfaceOrientationLandscapeLeft UIInterfaceOrientationLandscapeRight";
				LD_RUNPATH_SEARCH_PATHS = (
					"$(inherited)",
					"@executable_path/Frameworks",
				);
				MARKETING_VERSION = 1.0;
				PRODUCT_BUNDLE_IDENTIFIER = "com.junehee.SwiftUI-practice";
				PRODUCT_NAME = "$(TARGET_NAME)";
				SWIFT_EMIT_LOC_STRINGS = YES;
				SWIFT_VERSION = 5.0;
				TARGETED_DEVICE_FAMILY = "1,2";
			};
			name = Release;
		};
/* End XCBuildConfiguration section */

/* Begin XCConfigurationList section */
		C403913C2C76C5B500D50850 /* Build configuration list for PBXProject "SwiftUI-practice" */ = {
			isa = XCConfigurationList;
			buildConfigurations = (
				C403914D2C76C5B600D50850 /* Debug */,
				C403914E2C76C5B600D50850 /* Release */,
			);
			defaultConfigurationIsVisible = 0;
			defaultConfigurationName = Release;
		};
		C403914F2C76C5B600D50850 /* Build configuration list for PBXNativeTarget "SwiftUI-practice" */ = {
			isa = XCConfigurationList;
			buildConfigurations = (
				C40391502C76C5B600D50850 /* Debug */,
				C40391512C76C5B600D50850 /* Release */,
			);
			defaultConfigurationIsVisible = 0;
			defaultConfigurationName = Release;
		};
/* End XCConfigurationList section */
	};
	rootObject = C40391392C76C5B500D50850 /* Project object */;
}
